
Microsoft Visual Studio Solution File, Format Version 12.00
# Visual Studio 15
Project("{FAE04EC0-301F-11D3-BF4B-00C04F79EFBC}") = "Assembly-CSharp", "Assembly-CSharp.csproj", "{89F696D3-A791-9984-BB38-518B2B0C908A}"
EndProject
Global
	GlobalSection(SolutionConfigurationPlatforms) = preSolution
		Debug|Any CPU = Debug|Any CPU
		Release|Any CPU = Release|Any CPU
	EndGlobalSection
	GlobalSection(ProjectConfigurationPlatforms) = postSolution
		{89F696D3-A791-9984-BB38-518B2B0C908A}.Debug|Any CPU.ActiveCfg = Debug|Any CPU
		{89F696D3-A791-9984-BB38-518B2B0C908A}.Debug|Any CPU.Build.0 = Debug|Any CPU
		{89F696D3-A791-9984-BB38-518B2B0C908A}.Release|Any CPU.ActiveCfg = Release|Any CPU
		{89F696D3-A791-9984-BB38-518B2B0C908A}.Release|Any CPU.Build.0 = Release|Any CPU
	EndGlobalSection
	GlobalSection(SolutionProperties) = preSolution
		HideSolutionNode = FALSE
	EndGlobalSection
EndGlobal
